
Microsoft Visual Studio Solution File, Format Version 12.00
# Visual Studio 15
VisualStudioVersion = 15.0.26124.0
MinimumVisualStudioVersion = 15.0.26124.0
Project("{9A19103F-16F7-4668-BE54-9A1E7A4F7556}") = "CardBoard.api", "src\CardBoard.api\CardBoard.api.csproj", "{C0386322-CC80-433D-BE30-D8E730EFBCFF}"
EndProject
Global
	GlobalSection(SolutionConfigurationPlatforms) = preSolution
		Debug|Any CPU = Debug|Any CPU
		Debug|x64 = Debug|x64
		Debug|x86 = Debug|x86
		Release|Any CPU = Release|Any CPU
		Release|x64 = Release|x64
		Release|x86 = Release|x86
	EndGlobalSection
	GlobalSection(ProjectConfigurationPlatforms) = postSolution
		{C0386322-CC80-433D-BE30-D8E730EFBCFF}.Debug|Any CPU.ActiveCfg = Debug|Any CPU
		{C0386322-CC80-433D-BE30-D8E730EFBCFF}.Debug|Any CPU.Build.0 = Debug|Any CPU
		{C0386322-CC80-433D-BE30-D8E730EFBCFF}.Debug|x64.ActiveCfg = Debug|Any CPU
		{C0386322-CC80-433D-BE30-D8E730EFBCFF}.Debug|x64.Build.0 = Debug|Any CPU
		{C0386322-CC80-433D-BE30-D8E730EFBCFF}.Debug|x86.ActiveCfg = Debug|Any CPU
		{C0386322-CC80-433D-BE30-D8E730EFBCFF}.Debug|x86.Build.0 = Debug|Any CPU
		{C0386322-CC80-433D-BE30-D8E730EFBCFF}.Release|Any CPU.ActiveCfg = Release|Any CPU
		{C0386322-CC80-433D-BE30-D8E730EFBCFF}.Release|Any CPU.Build.0 = Release|Any CPU
		{C0386322-CC80-433D-BE30-D8E730EFBCFF}.Release|x64.ActiveCfg = Release|Any CPU
		{C0386322-CC80-433D-BE30-D8E730EFBCFF}.Release|x64.Build.0 = Release|Any CPU
		{C0386322-CC80-433D-BE30-D8E730EFBCFF}.Release|x86.ActiveCfg = Release|Any CPU
		{C0386322-CC80-433D-BE30-D8E730EFBCFF}.Release|x86.Build.0 = Release|Any CPU
	EndGlobalSection
	GlobalSection(SolutionProperties) = preSolution
		HideSolutionNode = FALSE
	EndGlobalSection
	GlobalSection(ExtensibilityGlobals) = postSolution
		SolutionGuid = {4BB876AE-39D7-49A5-95BE-5F2BB2C81D5D}
	EndGlobalSection
EndGlobal
